
Microsoft Visual Studio Solution File, Format Version 12.00
# Visual Studio 15
VisualStudioVersion = 15.0.26730.12
MinimumVisualStudioVersion = 10.0.40219.1
Project("{FAE04EC0-301F-11D3-BF4B-00C04F79EFBC}") = "Singleton", "Singleton\Singleton.csproj", "{5B31E089-A1CD-4DD1-B6EB-BF3FCA3FDA0B}"
EndProject
Project("{FAE04EC0-301F-11D3-BF4B-00C04F79EFBC}") = "PassByReference", "PassByReference\PassByReference.csproj", "{D83BD1B9-4B40-4B9F-881F-98DEDBB9D5C9}"
EndProject
Project("{FAE04EC0-301F-11D3-BF4B-00C04F79EFBC}") = "ExtensionMethods", "..\ExtensionMethods\ExtensionMethods\ExtensionMethods.csproj", "{F977264E-A4D4-41F7-9E6F-27BAC5556400}"
EndProject
Project("{FAE04EC0-301F-11D3-BF4B-00C04F79EFBC}") = "FactoryPattern", "..\FactoryPattern\FactoryPattern\FactoryPattern.csproj", "{49C729CE-CA95-41D3-9EEB-B78E81F9345E}"
EndProject
Global
	GlobalSection(SolutionConfigurationPlatforms) = preSolution
		Debug|Any CPU = Debug|Any CPU
		Release|Any CPU = Release|Any CPU
	EndGlobalSection
	GlobalSection(ProjectConfigurationPlatforms) = postSolution
		{5B31E089-A1CD-4DD1-B6EB-BF3FCA3FDA0B}.Debug|Any CPU.ActiveCfg = Debug|Any CPU
		{5B31E089-A1CD-4DD1-B6EB-BF3FCA3FDA0B}.Debug|Any CPU.Build.0 = Debug|Any CPU
		{5B31E089-A1CD-4DD1-B6EB-BF3FCA3FDA0B}.Release|Any CPU.ActiveCfg = Release|Any CPU
		{5B31E089-A1CD-4DD1-B6EB-BF3FCA3FDA0B}.Release|Any CPU.Build.0 = Release|Any CPU
		{D83BD1B9-4B40-4B9F-881F-98DEDBB9D5C9}.Debug|Any CPU.ActiveCfg = Debug|Any CPU
		{D83BD1B9-4B40-4B9F-881F-98DEDBB9D5C9}.Debug|Any CPU.Build.0 = Debug|Any CPU
		{D83BD1B9-4B40-4B9F-881F-98DEDBB9D5C9}.Release|Any CPU.ActiveCfg = Release|Any CPU
		{D83BD1B9-4B40-4B9F-881F-98DEDBB9D5C9}.Release|Any CPU.Build.0 = Release|Any CPU
		{F977264E-A4D4-41F7-9E6F-27BAC5556400}.Debug|Any CPU.ActiveCfg = Debug|Any CPU
		{F977264E-A4D4-41F7-9E6F-27BAC5556400}.Debug|Any CPU.Build.0 = Debug|Any CPU
		{F977264E-A4D4-41F7-9E6F-27BAC5556400}.Release|Any CPU.ActiveCfg = Release|Any CPU
		{F977264E-A4D4-41F7-9E6F-27BAC5556400}.Release|Any CPU.Build.0 = Release|Any CPU
		{49C729CE-CA95-41D3-9EEB-B78E81F9345E}.Debug|Any CPU.ActiveCfg = Debug|Any CPU
		{49C729CE-CA95-41D3-9EEB-B78E81F9345E}.Debug|Any CPU.Build.0 = Debug|Any CPU
		{49C729CE-CA95-41D3-9EEB-B78E81F9345E}.Release|Any CPU.ActiveCfg = Release|Any CPU
		{49C729CE-CA95-41D3-9EEB-B78E81F9345E}.Release|Any CPU.Build.0 = Release|Any CPU
	EndGlobalSection
	GlobalSection(SolutionProperties) = preSolution
		HideSolutionNode = FALSE
	EndGlobalSection
	GlobalSection(ExtensibilityGlobals) = postSolution
		SolutionGuid = {C59187C3-01D3-4B01-A7E4-1C0078B6B1AD}
	EndGlobalSection
EndGlobal
