
Microsoft Visual Studio Solution File, Format Version 12.00
# Visual Studio 15
VisualStudioVersion = 15.0.26730.12
MinimumVisualStudioVersion = 10.0.40219.1
Project("{FAE04EC0-301F-11D3-BF4B-00C04F79EFBC}") = "ExtensionMethods", "ExtensionMethods\ExtensionMethods.csproj", "{F977264E-A4D4-41F7-9E6F-27BAC5556400}"
EndProject
Global
	GlobalSection(SolutionConfigurationPlatforms) = preSolution
		Debug|Any CPU = Debug|Any CPU
		Release|Any CPU = Release|Any CPU
	EndGlobalSection
	GlobalSection(ProjectConfigurationPlatforms) = postSolution
		{F977264E-A4D4-41F7-9E6F-27BAC5556400}.Debug|Any CPU.ActiveCfg = Debug|Any CPU
		{F977264E-A4D4-41F7-9E6F-27BAC5556400}.Debug|Any CPU.Build.0 = Debug|Any CPU
		{F977264E-A4D4-41F7-9E6F-27BAC5556400}.Release|Any CPU.ActiveCfg = Release|Any CPU
		{F977264E-A4D4-41F7-9E6F-27BAC5556400}.Release|Any CPU.Build.0 = Release|Any CPU
	EndGlobalSection
	GlobalSection(SolutionProperties) = preSolution
		HideSolutionNode = FALSE
	EndGlobalSection
	GlobalSection(ExtensibilityGlobals) = postSolution
		SolutionGuid = {79C7926C-167A-4FAE-B81B-3219AFE959DB}
	EndGlobalSection
EndGlobal
